
Microsoft Visual Studio Solution File, Format Version 12.00
# Visual Studio Version 17
VisualStudioVersion = 17.0.32112.339
MinimumVisualStudioVersion = 10.0.40219.1
Project("{FAE04EC0-301F-11D3-BF4B-00C04F79EFBC}") = "ConsoleApp4", "ConsoleApp4\ConsoleApp4.csproj", "{73FA788A-37EE-45A4-833D-21452BEDF068}"
EndProject
Project("{FAE04EC0-301F-11D3-BF4B-00C04F79EFBC}") = "ConsoleApp2", "ConsoleApp2\ConsoleApp2.csproj", "{E7063F59-BC26-45C4-9C2A-11F91F39BD1B}"
EndProject
Project("{FAE04EC0-301F-11D3-BF4B-00C04F79EFBC}") = "ConsoleApp3", "ConsoleApp3\ConsoleApp3.csproj", "{74F79899-454C-4EBE-A57C-D618599BBACD}"
EndProject
Project("{FAE04EC0-301F-11D3-BF4B-00C04F79EFBC}") = "ConsoleApp1", "ConsoleApp1\ConsoleApp1.csproj", "{4F1D5DE9-74AA-47FF-A1AB-68036AFF1459}"
EndProject
Project("{FAE04EC0-301F-11D3-BF4B-00C04F79EFBC}") = "ConsoleApp5", "ConsoleApp5\ConsoleApp5.csproj", "{CDAA2A76-3E19-4912-8BED-B22A42749A06}"
EndProject
Project("{FAE04EC0-301F-11D3-BF4B-00C04F79EFBC}") = "ConsoleApp6", "ConsoleApp6\ConsoleApp6.csproj", "{9B2C493C-8D99-4582-B62F-BF07331AEBB7}"
EndProject
Global
	GlobalSection(SolutionConfigurationPlatforms) = preSolution
		Debug|Any CPU = Debug|Any CPU
		Release|Any CPU = Release|Any CPU
	EndGlobalSection
	GlobalSection(ProjectConfigurationPlatforms) = postSolution
		{73FA788A-37EE-45A4-833D-21452BEDF068}.Debug|Any CPU.ActiveCfg = Debug|Any CPU
		{73FA788A-37EE-45A4-833D-21452BEDF068}.Debug|Any CPU.Build.0 = Debug|Any CPU
		{73FA788A-37EE-45A4-833D-21452BEDF068}.Release|Any CPU.ActiveCfg = Release|Any CPU
		{73FA788A-37EE-45A4-833D-21452BEDF068}.Release|Any CPU.Build.0 = Release|Any CPU
		{E7063F59-BC26-45C4-9C2A-11F91F39BD1B}.Debug|Any CPU.ActiveCfg = Debug|Any CPU
		{E7063F59-BC26-45C4-9C2A-11F91F39BD1B}.Debug|Any CPU.Build.0 = Debug|Any CPU
		{E7063F59-BC26-45C4-9C2A-11F91F39BD1B}.Release|Any CPU.ActiveCfg = Release|Any CPU
		{E7063F59-BC26-45C4-9C2A-11F91F39BD1B}.Release|Any CPU.Build.0 = Release|Any CPU
		{74F79899-454C-4EBE-A57C-D618599BBACD}.Debug|Any CPU.ActiveCfg = Debug|Any CPU
		{74F79899-454C-4EBE-A57C-D618599BBACD}.Debug|Any CPU.Build.0 = Debug|Any CPU
		{74F79899-454C-4EBE-A57C-D618599BBACD}.Release|Any CPU.ActiveCfg = Release|Any CPU
		{74F79899-454C-4EBE-A57C-D618599BBACD}.Release|Any CPU.Build.0 = Release|Any CPU
		{4F1D5DE9-74AA-47FF-A1AB-68036AFF1459}.Debug|Any CPU.ActiveCfg = Debug|Any CPU
		{4F1D5DE9-74AA-47FF-A1AB-68036AFF1459}.Debug|Any CPU.Build.0 = Debug|Any CPU
		{4F1D5DE9-74AA-47FF-A1AB-68036AFF1459}.Release|Any CPU.ActiveCfg = Release|Any CPU
		{4F1D5DE9-74AA-47FF-A1AB-68036AFF1459}.Release|Any CPU.Build.0 = Release|Any CPU
		{CDAA2A76-3E19-4912-8BED-B22A42749A06}.Debug|Any CPU.ActiveCfg = Debug|Any CPU
		{CDAA2A76-3E19-4912-8BED-B22A42749A06}.Debug|Any CPU.Build.0 = Debug|Any CPU
		{CDAA2A76-3E19-4912-8BED-B22A42749A06}.Release|Any CPU.ActiveCfg = Release|Any CPU
		{CDAA2A76-3E19-4912-8BED-B22A42749A06}.Release|Any CPU.Build.0 = Release|Any CPU
		{9B2C493C-8D99-4582-B62F-BF07331AEBB7}.Debug|Any CPU.ActiveCfg = Debug|Any CPU
		{9B2C493C-8D99-4582-B62F-BF07331AEBB7}.Debug|Any CPU.Build.0 = Debug|Any CPU
		{9B2C493C-8D99-4582-B62F-BF07331AEBB7}.Release|Any CPU.ActiveCfg = Release|Any CPU
		{9B2C493C-8D99-4582-B62F-BF07331AEBB7}.Release|Any CPU.Build.0 = Release|Any CPU
	EndGlobalSection
	GlobalSection(SolutionProperties) = preSolution
		HideSolutionNode = FALSE
	EndGlobalSection
	GlobalSection(ExtensibilityGlobals) = postSolution
		SolutionGuid = {044CFAE6-8CC8-459E-BF9F-552A292293D9}
	EndGlobalSection
EndGlobal
